
Microsoft Visual Studio Solution File, Format Version 12.00
# Visual Studio Version 17
VisualStudioVersion = 17.11.35327.3
MinimumVisualStudioVersion = 10.0.40219.1
Project("{9A19103F-16F7-4668-BE54-9A1E7A4F7556}") = "RudyCopilot.Bot", "RudyCopilot.Bot\RudyCopilot.Bot.csproj", "{4B41AFFE-56B2-4B16-ACC0-E8CD89288C9A}"
EndProject
Project("{2150E333-8FDC-42A3-9474-1A3956D46DE8}") = "Solution Items", "Solution Items", "{7084F01D-9DEC-49AD-ACDA-C05937CA36F2}"
	ProjectSection(SolutionItems) = preProject
		.gitignore = .gitignore
		LICENSE = LICENSE
		README.md = README.md
	EndProjectSection
EndProject
Global
	GlobalSection(SolutionConfigurationPlatforms) = preSolution
		Debug|Any CPU = Debug|Any CPU
		Release|Any CPU = Release|Any CPU
	EndGlobalSection
	GlobalSection(ProjectConfigurationPlatforms) = postSolution
		{4B41AFFE-56B2-4B16-ACC0-E8CD89288C9A}.Debug|Any CPU.ActiveCfg = Debug|Any CPU
		{4B41AFFE-56B2-4B16-ACC0-E8CD89288C9A}.Debug|Any CPU.Build.0 = Debug|Any CPU
		{4B41AFFE-56B2-4B16-ACC0-E8CD89288C9A}.Release|Any CPU.ActiveCfg = Release|Any CPU
		{4B41AFFE-56B2-4B16-ACC0-E8CD89288C9A}.Release|Any CPU.Build.0 = Release|Any CPU
	EndGlobalSection
	GlobalSection(SolutionProperties) = preSolution
		HideSolutionNode = FALSE
	EndGlobalSection
	GlobalSection(ExtensibilityGlobals) = postSolution
		SolutionGuid = {28C980DA-612A-4C87-AA51-F31AC35635EE}
	EndGlobalSection
EndGlobal
